
Microsoft Visual Studio Solution File, Format Version 12.00
# Visual Studio Version 18
VisualStudioVersion = 18.4.11626.88
MinimumVisualStudioVersion = 10.0.40219.1
Project("{FAE04EC0-301F-11D3-BF4B-00C04F79EFBC}") = "LightBringersTribe", "LightBringersTribe.csproj", "{0BEB9EF0-4F00-4B56-8E43-EA6F963B7837}"
EndProject
Global
	GlobalSection(SolutionConfigurationPlatforms) = preSolution
		Debug|Any CPU = Debug|Any CPU
		Release|Any CPU = Release|Any CPU
	EndGlobalSection
	GlobalSection(ProjectConfigurationPlatforms) = postSolution
		{0BEB9EF0-4F00-4B56-8E43-EA6F963B7837}.Debug|Any CPU.ActiveCfg = Debug|Any CPU
		{0BEB9EF0-4F00-4B56-8E43-EA6F963B7837}.Debug|Any CPU.Build.0 = Debug|Any CPU
		{0BEB9EF0-4F00-4B56-8E43-EA6F963B7837}.Release|Any CPU.ActiveCfg = Release|Any CPU
		{0BEB9EF0-4F00-4B56-8E43-EA6F963B7837}.Release|Any CPU.Build.0 = Release|Any CPU
	EndGlobalSection
	GlobalSection(SolutionProperties) = preSolution
		HideSolutionNode = FALSE
	EndGlobalSection
	GlobalSection(ExtensibilityGlobals) = postSolution
		SolutionGuid = {FA495B6A-B809-4C59-BAB7-CA1BD1A03C7D}
	EndGlobalSection
EndGlobal
